Microsoft Visual Studio Solution File, Format Version 12.00
# Visual Studio Version 17
VisualStudioVersion = 17.4.33122.133
MinimumVisualStudioVersion = 10.0.40219.1
Project("{9A19103F-16F7-4668-BE54-9A1E7A4F7556}") = "Postcode.API", "PostcodeAPI\Postcode.API.csproj", "{AD50EDA6-F341-4DAC-B2B9-2F5B233D65A1}"
EndProject
Project("{9A19103F-16F7-4668-BE54-9A1E7A4F7556}") = "Postcode", "Postcode\Postcode.csproj", "{FD9E6F9D-193D-455B-B632-7FA3FDB8A2E2}"
EndProject
Project("{FAE04EC0-301F-11D3-BF4B-00C04F79EFBC}") = "Postcode.Common", "Postcode.Common\Postcode.Common.csproj", "{27D4645E-92DD-4656-94A1-515A8A31826A}"
EndProject
Global
	GlobalSection(SolutionConfigurationPlatforms) = preSolution
		Debug|Any CPU = Debug|Any CPU
		Release|Any CPU = Release|Any CPU
	EndGlobalSection
	GlobalSection(ProjectConfigurationPlatforms) = postSolution
		{AD50EDA6-F341-4DAC-B2B9-2F5B233D65A1}.Debug|Any CPU.ActiveCfg = Debug|Any CPU
		{AD50EDA6-F341-4DAC-B2B9-2F5B233D65A1}.Debug|Any CPU.Build.0 = Debug|Any CPU
		{AD50EDA6-F341-4DAC-B2B9-2F5B233D65A1}.Release|Any CPU.ActiveCfg = Release|Any CPU
		{AD50EDA6-F341-4DAC-B2B9-2F5B233D65A1}.Release|Any CPU.Build.0 = Release|Any CPU
		{FD9E6F9D-193D-455B-B632-7FA3FDB8A2E2}.Debug|Any CPU.ActiveCfg = Debug|Any CPU
		{FD9E6F9D-193D-455B-B632-7FA3FDB8A2E2}.Debug|Any CPU.Build.0 = Debug|Any CPU
		{FD9E6F9D-193D-455B-B632-7FA3FDB8A2E2}.Release|Any CPU.ActiveCfg = Release|Any CPU
		{FD9E6F9D-193D-455B-B632-7FA3FDB8A2E2}.Release|Any CPU.Build.0 = Release|Any CPU
		{27D4645E-92DD-4656-94A1-515A8A31826A}.Debug|Any CPU.ActiveCfg = Debug|Any CPU
		{27D4645E-92DD-4656-94A1-515A8A31826A}.Debug|Any CPU.Build.0 = Debug|Any CPU
		{27D4645E-92DD-4656-94A1-515A8A31826A}.Release|Any CPU.ActiveCfg = Release|Any CPU
		{27D4645E-92DD-4656-94A1-515A8A31826A}.Release|Any CPU.Build.0 = Release|Any CPU
	EndGlobalSection
	GlobalSection(SolutionProperties) = preSolution
		HideSolutionNode = FALSE
	EndGlobalSection
	GlobalSection(ExtensibilityGlobals) = postSolution
		SolutionGuid = {DCDB27D0-A472-4CE7-B800-DA4900AEB0A0}
	EndGlobalSection
EndGlobal
